
Microsoft Visual Studio Solution File, Format Version 12.00
# Visual Studio 15
VisualStudioVersion = 15.0.27703.2047
MinimumVisualStudioVersion = 10.0.40219.1
Project("{2150E333-8FDC-42A3-9474-1A3956D46DE8}") = "API", "API", "{7426555E-C01A-4CD6-9F33-D09D742E420B}"
EndProject
Project("{2150E333-8FDC-42A3-9474-1A3956D46DE8}") = "Domain", "Domain", "{8263ECC3-E2FC-4FBB-B331-6F6641419182}"
EndProject
Project("{2150E333-8FDC-42A3-9474-1A3956D46DE8}") = "Infraestructure", "Infraestructure", "{B35CA5A2-3ADD-4807-90C4-5A918F847F4F}"
EndProject
Project("{2150E333-8FDC-42A3-9474-1A3956D46DE8}") = "Entity", "Entity", "{C74E690F-C751-4971-B244-D4D70D69D9DA}"
EndProject
Project("{2150E333-8FDC-42A3-9474-1A3956D46DE8}") = "Logic", "Logic", "{6B914BB0-27C2-4D81-812D-3E107003F05E}"
EndProject
Project("{2150E333-8FDC-42A3-9474-1A3956D46DE8}") = "Data", "Data", "{CC5584B1-2E0E-4E59-8327-9C88116B13F3}"
EndProject
Project("{2150E333-8FDC-42A3-9474-1A3956D46DE8}") = "ServicesAgent", "ServicesAgent", "{23F65467-6D81-4317-A368-3350A9443982}"
EndProject
Project("{FAE04EC0-301F-11D3-BF4B-00C04F79EFBC}") = "RepsolPeru.API.Flotas", "API\RepsolPeru.API.Flotas\RepsolPeru.API.Flotas.csproj", "{A2D112FF-714C-45A9-B2C6-8FABC3D45CAD}"
EndProject
Project("{FAE04EC0-301F-11D3-BF4B-00C04F79EFBC}") = "RepsolPeru.API.Flotas.Entity", "Domain\Entity\RepsolPeru.API.Flotas.Entity\RepsolPeru.API.Flotas.Entity.csproj", "{A8074E98-3ECA-481C-A164-75133FB51E1D}"
EndProject
Project("{FAE04EC0-301F-11D3-BF4B-00C04F79EFBC}") = "RepsolPeru.API.Flotas.Logic", "Domain\Logic\RepsolPeru.API.Flotas.Logic\RepsolPeru.API.Flotas.Logic.csproj", "{50E2A27D-605A-4BBF-B50D-6AEC47CE0564}"
EndProject
Project("{FAE04EC0-301F-11D3-BF4B-00C04F79EFBC}") = "RepsolPeru.API.Flotas.Data", "Infraestructure\Data\RepsolPeru.API.Flotas.Data\RepsolPeru.API.Flotas.Data.csproj", "{D2B49108-C0CB-4E14-83A3-D81C42259874}"
EndProject
Project("{FAE04EC0-301F-11D3-BF4B-00C04F79EFBC}") = "RepsolPeru.API.Flotas.ServicesAgent", "Infraestructure\ServicesAgent\RepsolPeru.API.Flotas.ServicesAgent\RepsolPeru.API.Flotas.ServicesAgent.csproj", "{8FFDE884-D452-4E64-97B2-C19169C2444D}"
EndProject
Project("{2150E333-8FDC-42A3-9474-1A3956D46DE8}") = "Test", "Test", "{B56F9D53-953F-4D16-8524-95B903A20183}"
EndProject
Project("{FAE04EC0-301F-11D3-BF4B-00C04F79EFBC}") = "RepsolPeru.API.Flotas.Test", "Test\RepsolPeru.API.Flotas.Test\RepsolPeru.API.Flotas.Test.csproj", "{8EDF4429-251A-416D-BB68-93F227191BCF}"
EndProject
Global
	GlobalSection(SolutionConfigurationPlatforms) = preSolution
		Debug|Any CPU = Debug|Any CPU
		Release|Any CPU = Release|Any CPU
	EndGlobalSection
	GlobalSection(ProjectConfigurationPlatforms) = postSolution
		{A2D112FF-714C-45A9-B2C6-8FABC3D45CAD}.Debug|Any CPU.ActiveCfg = Debug|Any CPU
		{A2D112FF-714C-45A9-B2C6-8FABC3D45CAD}.Debug|Any CPU.Build.0 = Debug|Any CPU
		{A2D112FF-714C-45A9-B2C6-8FABC3D45CAD}.Release|Any CPU.ActiveCfg = Release|Any CPU
		{A2D112FF-714C-45A9-B2C6-8FABC3D45CAD}.Release|Any CPU.Build.0 = Release|Any CPU
		{A8074E98-3ECA-481C-A164-75133FB51E1D}.Debug|Any CPU.ActiveCfg = Debug|Any CPU
		{A8074E98-3ECA-481C-A164-75133FB51E1D}.Debug|Any CPU.Build.0 = Debug|Any CPU
		{A8074E98-3ECA-481C-A164-75133FB51E1D}.Release|Any CPU.ActiveCfg = Release|Any CPU
		{A8074E98-3ECA-481C-A164-75133FB51E1D}.Release|Any CPU.Build.0 = Release|Any CPU
		{50E2A27D-605A-4BBF-B50D-6AEC47CE0564}.Debug|Any CPU.ActiveCfg = Debug|Any CPU
		{50E2A27D-605A-4BBF-B50D-6AEC47CE0564}.Debug|Any CPU.Build.0 = Debug|Any CPU
		{50E2A27D-605A-4BBF-B50D-6AEC47CE0564}.Release|Any CPU.ActiveCfg = Release|Any CPU
		{50E2A27D-605A-4BBF-B50D-6AEC47CE0564}.Release|Any CPU.Build.0 = Release|Any CPU
		{D2B49108-C0CB-4E14-83A3-D81C42259874}.Debug|Any CPU.ActiveCfg = Debug|Any CPU
		{D2B49108-C0CB-4E14-83A3-D81C42259874}.Debug|Any CPU.Build.0 = Debug|Any CPU
		{D2B49108-C0CB-4E14-83A3-D81C42259874}.Release|Any CPU.ActiveCfg = Release|Any CPU
		{D2B49108-C0CB-4E14-83A3-D81C42259874}.Release|Any CPU.Build.0 = Release|Any CPU
		{8FFDE884-D452-4E64-97B2-C19169C2444D}.Debug|Any CPU.ActiveCfg = Debug|Any CPU
		{8FFDE884-D452-4E64-97B2-C19169C2444D}.Debug|Any CPU.Build.0 = Debug|Any CPU
		{8FFDE884-D452-4E64-97B2-C19169C2444D}.Release|Any CPU.ActiveCfg = Release|Any CPU
		{8FFDE884-D452-4E64-97B2-C19169C2444D}.Release|Any CPU.Build.0 = Release|Any CPU
		{8EDF4429-251A-416D-BB68-93F227191BCF}.Debug|Any CPU.ActiveCfg = Debug|Any CPU
		{8EDF4429-251A-416D-BB68-93F227191BCF}.Debug|Any CPU.Build.0 = Debug|Any CPU
		{8EDF4429-251A-416D-BB68-93F227191BCF}.Release|Any CPU.ActiveCfg = Release|Any CPU
		{8EDF4429-251A-416D-BB68-93F227191BCF}.Release|Any CPU.Build.0 = Release|Any CPU
	EndGlobalSection
	GlobalSection(SolutionProperties) = preSolution
		HideSolutionNode = FALSE
	EndGlobalSection
	GlobalSection(NestedProjects) = preSolution
		{C74E690F-C751-4971-B244-D4D70D69D9DA} = {8263ECC3-E2FC-4FBB-B331-6F6641419182}
		{6B914BB0-27C2-4D81-812D-3E107003F05E} = {8263ECC3-E2FC-4FBB-B331-6F6641419182}
		{CC5584B1-2E0E-4E59-8327-9C88116B13F3} = {B35CA5A2-3ADD-4807-90C4-5A918F847F4F}
		{23F65467-6D81-4317-A368-3350A9443982} = {B35CA5A2-3ADD-4807-90C4-5A918F847F4F}
		{A2D112FF-714C-45A9-B2C6-8FABC3D45CAD} = {7426555E-C01A-4CD6-9F33-D09D742E420B}
		{A8074E98-3ECA-481C-A164-75133FB51E1D} = {C74E690F-C751-4971-B244-D4D70D69D9DA}
		{50E2A27D-605A-4BBF-B50D-6AEC47CE0564} = {6B914BB0-27C2-4D81-812D-3E107003F05E}
		{D2B49108-C0CB-4E14-83A3-D81C42259874} = {CC5584B1-2E0E-4E59-8327-9C88116B13F3}
		{8FFDE884-D452-4E64-97B2-C19169C2444D} = {23F65467-6D81-4317-A368-3350A9443982}
		{8EDF4429-251A-416D-BB68-93F227191BCF} = {B56F9D53-953F-4D16-8524-95B903A20183}
	EndGlobalSection
	GlobalSection(ExtensibilityGlobals) = postSolution
		SolutionGuid = {1B6B6BCB-C363-4E6E-A358-6118A3ABC34C}
	EndGlobalSection
EndGlobal
